// !$*UTF8*$!
{
	archiveVersion = 1;
	classes = {
	};
	objectVersion = 50;
	objects = {

/* Begin PBXBuildFile section */
		8143BE83262A2CF6008CF8A1 /* KeepFalling.swift in Sources */ = {isa = PBXBuildFile; fileRef = 8143BE82262A2CF6008CF8A1 /* KeepFalling.swift */; };
		8143BE86262A2D62008CF8A1 /* FallingBall.swift in Sources */ = {isa = PBXBuildFile; fileRef = 8143BE85262A2D62008CF8A1 /* FallingBall.swift */; };
		81467B6B262BEEFF004E376B /* GameManager.swift in Sources */ = {isa = PBXBuildFile; fileRef = 81467B6A262BEEFF004E376B /* GameManager.swift */; };
		81467B6E262C01EA004E376B /* GameBase.swift in Sources */ = {isa = PBXBuildFile; fileRef = 81467B6D262C01EA004E376B /* GameBase.swift */; };
		814834DC264869F000AE9D54 /* ShieldCenter.swift in Sources */ = {isa = PBXBuildFile; fileRef = 814834DB264869F000AE9D54 /* ShieldCenter.swift */; };
		814834E126486A0900AE9D54 /* Shield.swift in Sources */ = {isa = PBXBuildFile; fileRef = 814834E026486A0900AE9D54 /* Shield.swift */; };
		814834E62648877300AE9D54 /* MatchArrows.swift in Sources */ = {isa = PBXBuildFile; fileRef = 814834E52648877300AE9D54 /* MatchArrows.swift */; };
		814834E92648878500AE9D54 /* PlayerArrow.swift in Sources */ = {isa = PBXBuildFile; fileRef = 814834E82648878500AE9D54 /* PlayerArrow.swift */; };
		814834ED2648B33F00AE9D54 /* ShootBoxes.swift in Sources */ = {isa = PBXBuildFile; fileRef = 814834EC2648B33F00AE9D54 /* ShootBoxes.swift */; };
		814834F32648B39100AE9D54 /* PlayerBoxShooter.swift in Sources */ = {isa = PBXBuildFile; fileRef = 814834F22648B39100AE9D54 /* PlayerBoxShooter.swift */; };
		81578DDB2628BFC700F1B9C8 /* Grid16App.swift in Sources */ = {isa = PBXBuildFile; fileRef = 81578DDA2628BFC700F1B9C8 /* Grid16App.swift */; };
		81578DDD2628BFC700F1B9C8 /* ContentView.swift in Sources */ = {isa = PBXBuildFile; fileRef = 81578DDC2628BFC700F1B9C8 /* ContentView.swift */; };
		81578DDF2628BFC800F1B9C8 /* Assets.xcassets in Resources */ = {isa = PBXBuildFile; fileRef = 81578DDE2628BFC800F1B9C8 /* Assets.xcassets */; };
		81578DE22628BFC800F1B9C8 /* Preview Assets.xcassets in Resources */ = {isa = PBXBuildFile; fileRef = 81578DE12628BFC800F1B9C8 /* Preview Assets.xcassets */; };
		81578DEF2628C2C500F1B9C8 /* KeepJumping.swift in Sources */ = {isa = PBXBuildFile; fileRef = 81578DEE2628C2C500F1B9C8 /* KeepJumping.swift */; };
		81578DF22628C30400F1B9C8 /* JumpingStick.swift in Sources */ = {isa = PBXBuildFile; fileRef = 81578DF12628C30400F1B9C8 /* JumpingStick.swift */; };
		81578DF52628C4CD00F1B9C8 /* GameView.swift in Sources */ = {isa = PBXBuildFile; fileRef = 81578DF42628C4CD00F1B9C8 /* GameView.swift */; };
		81578DF9262965BA00F1B9C8 /* HitTheBall.swift in Sources */ = {isa = PBXBuildFile; fileRef = 81578DF8262965BA00F1B9C8 /* HitTheBall.swift */; };
		81578E00262968DC00F1B9C8 /* PongPaddle.swift in Sources */ = {isa = PBXBuildFile; fileRef = 81578DFF262968DC00F1B9C8 /* PongPaddle.swift */; };
		815B6D72264B118D00C2DCA0 /* IntermediaryScene.swift in Sources */ = {isa = PBXBuildFile; fileRef = 815B6D71264B118D00C2DCA0 /* IntermediaryScene.swift */; };
		815B6D76264B11D600C2DCA0 /* Score.swift in Sources */ = {isa = PBXBuildFile; fileRef = 815B6D75264B11D600C2DCA0 /* Score.swift */; };
		815B6D7D264B123300C2DCA0 /* MinigameInfo.swift in Sources */ = {isa = PBXBuildFile; fileRef = 815B6D7C264B123300C2DCA0 /* MinigameInfo.swift */; };
		815B6D86264B35FE00C2DCA0 /* ShootLines.swift in Sources */ = {isa = PBXBuildFile; fileRef = 815B6D85264B35FE00C2DCA0 /* ShootLines.swift */; };
		815B6D89264B364100C2DCA0 /* LineShooter.swift in Sources */ = {isa = PBXBuildFile; fileRef = 815B6D88264B364100C2DCA0 /* LineShooter.swift */; };
		815D081826389EE10066C94A /* RedBallBad.swift in Sources */ = {isa = PBXBuildFile; fileRef = 815D081726389EE10066C94A /* RedBallBad.swift */; };
		815D081C2638A2190066C94A /* SpinningArm.swift in Sources */ = {isa = PBXBuildFile; fileRef = 815D081B2638A2190066C94A /* SpinningArm.swift */; };
		815D081F2638A5280066C94A /* ArmBall.swift in Sources */ = {isa = PBXBuildFile; fileRef = 815D081E2638A5280066C94A /* ArmBall.swift */; };
		815D0823263910D70066C94A /* AvoidGreen.swift in Sources */ = {isa = PBXBuildFile; fileRef = 815D0822263910D70066C94A /* AvoidGreen.swift */; };
		815D08272639110F0066C94A /* PlayerBall.swift in Sources */ = {isa = PBXBuildFile; fileRef = 815D08262639110F0066C94A /* PlayerBall.swift */; };
		815E722126472B00007DD2DD /* KeepItIn.swift in Sources */ = {isa = PBXBuildFile; fileRef = 815E722026472B00007DD2DD /* KeepItIn.swift */; };
		815E722426472B10007DD2DD /* BoxPaddle.swift in Sources */ = {isa = PBXBuildFile; fileRef = 815E722326472B10007DD2DD /* BoxPaddle.swift */; };
/* End PBXBuildFile section */

/* Begin PBXFileReference section */
		8143BE82262A2CF6008CF8A1 /* KeepFalling.swift */ = {isa = PBXFileReference; lastKnownFileType = sourcecode.swift; path = KeepFalling.swift; sourceTree = "<group>"; };
		8143BE85262A2D62008CF8A1 /* FallingBall.swift */ = {isa = PBXFileReference; lastKnownFileType = sourcecode.swift; path = FallingBall.swift; sourceTree = "<group>"; };
		81467B6A262BEEFF004E376B /* GameManager.swift */ = {isa = PBXFileReference; lastKnownFileType = sourcecode.swift; path = GameManager.swift; sourceTree = "<group>"; };
		81467B6D262C01EA004E376B /* GameBase.swift */ = {isa = PBXFileReference; lastKnownFileType = sourcecode.swift; path = GameBase.swift; sourceTree = "<group>"; };
		814834DB264869F000AE9D54 /* ShieldCenter.swift */ = {isa = PBXFileReference; lastKnownFileType = sourcecode.swift; path = ShieldCenter.swift; sourceTree = "<group>"; };
		814834E026486A0900AE9D54 /* Shield.swift */ = {isa = PBXFileReference; lastKnownFileType = sourcecode.swift; path = Shield.swift; sourceTree = "<group>"; };
		814834E52648877300AE9D54 /* MatchArrows.swift */ = {isa = PBXFileReference; lastKnownFileType = sourcecode.swift; path = MatchArrows.swift; sourceTree = "<group>"; };
		814834E82648878500AE9D54 /* PlayerArrow.swift */ = {isa = PBXFileReference; lastKnownFileType = sourcecode.swift; path = PlayerArrow.swift; sourceTree = "<group>"; };
		814834EC2648B33F00AE9D54 /* ShootBoxes.swift */ = {isa = PBXFileReference; lastKnownFileType = sourcecode.swift; path = ShootBoxes.swift; sourceTree = "<group>"; };
		814834F22648B39100AE9D54 /* PlayerBoxShooter.swift */ = {isa = PBXFileReference; lastKnownFileType = sourcecode.swift; path = PlayerBoxShooter.swift; sourceTree = "<group>"; };
		81578DD72628BFC700F1B9C8 /* Grid16.app */ = {isa = PBXFileReference; explicitFileType = wrapper.application; includeInIndex = 0; path = Grid16.app; sourceTree = BUILT_PRODUCTS_DIR; };
		81578DDA2628BFC700F1B9C8 /* Grid16App.swift */ = {isa = PBXFileReference; lastKnownFileType = sourcecode.swift; path = Grid16App.swift; sourceTree = "<group>"; };
		81578DDC2628BFC700F1B9C8 /* ContentView.swift */ = {isa = PBXFileReference; lastKnownFileType = sourcecode.swift; path = ContentView.swift; sourceTree = "<group>"; };
		81578DDE2628BFC800F1B9C8 /* Assets.xcassets */ = {isa = PBXFileReference; lastKnownFileType = folder.assetcatalog; path = Assets.xcassets; sourceTree = "<group>"; };
		81578DE12628BFC800F1B9C8 /* Preview Assets.xcassets */ = {isa = PBXFileReference; lastKnownFileType = folder.assetcatalog; path = "Preview Assets.xcassets"; sourceTree = "<group>"; };
		81578DE32628BFC800F1B9C8 /* Info.plist */ = {isa = PBXFileReference; lastKnownFileType = text.plist.xml; path = Info.plist; sourceTree = "<group>"; };
		81578DEE2628C2C500F1B9C8 /* KeepJumping.swift */ = {isa = PBXFileReference; lastKnownFileType = sourcecode.swift; path = KeepJumping.swift; sourceTree = "<group>"; };
		81578DF12628C30400F1B9C8 /* JumpingStick.swift */ = {isa = PBXFileReference; lastKnownFileType = sourcecode.swift; path = JumpingStick.swift; sourceTree = "<group>"; };
		81578DF42628C4CD00F1B9C8 /* GameView.swift */ = {isa = PBXFileReference; lastKnownFileType = sourcecode.swift; path = GameView.swift; sourceTree = "<group>"; };
		81578DF8262965BA00F1B9C8 /* HitTheBall.swift */ = {isa = PBXFileReference; lastKnownFileType = sourcecode.swift; path = HitTheBall.swift; sourceTree = "<group>"; };
		81578DFF262968DC00F1B9C8 /* PongPaddle.swift */ = {isa = PBXFileReference; lastKnownFileType = sourcecode.swift; path = PongPaddle.swift; sourceTree = "<group>"; };
		815B6D71264B118D00C2DCA0 /* IntermediaryScene.swift */ = {isa = PBXFileReference; lastKnownFileType = sourcecode.swift; path = IntermediaryScene.swift; sourceTree = "<group>"; };
		815B6D75264B11D600C2DCA0 /* Score.swift */ = {isa = PBXFileReference; lastKnownFileType = sourcecode.swift; path = Score.swift; sourceTree = "<group>"; };
		815B6D7C264B123300C2DCA0 /* MinigameInfo.swift */ = {isa = PBXFileReference; lastKnownFileType = sourcecode.swift; path = MinigameInfo.swift; sourceTree = "<group>"; };
		815B6D85264B35FE00C2DCA0 /* ShootLines.swift */ = {isa = PBXFileReference; lastKnownFileType = sourcecode.swift; path = ShootLines.swift; sourceTree = "<group>"; };
		815B6D88264B364100C2DCA0 /* LineShooter.swift */ = {isa = PBXFileReference; lastKnownFileType = sourcecode.swift; path = LineShooter.swift; sourceTree = "<group>"; };
		815D081726389EE10066C94A /* RedBallBad.swift */ = {isa = PBXFileReference; fileEncoding = 4; lastKnownFileType = sourcecode.swift; path = RedBallBad.swift; sourceTree = "<group>"; };
		815D081B2638A2190066C94A /* SpinningArm.swift */ = {isa = PBXFileReference; lastKnownFileType = sourcecode.swift; path = SpinningArm.swift; sourceTree = "<group>"; };
		815D081E2638A5280066C94A /* ArmBall.swift */ = {isa = PBXFileReference; lastKnownFileType = sourcecode.swift; path = ArmBall.swift; sourceTree = "<group>"; };
		815D0822263910D70066C94A /* AvoidGreen.swift */ = {isa = PBXFileReference; lastKnownFileType = sourcecode.swift; path = AvoidGreen.swift; sourceTree = "<group>"; };
		815D08262639110F0066C94A /* PlayerBall.swift */ = {isa = PBXFileReference; lastKnownFileType = sourcecode.swift; path = PlayerBall.swift; sourceTree = "<group>"; };
		815E722026472B00007DD2DD /* KeepItIn.swift */ = {isa = PBXFileReference; lastKnownFileType = sourcecode.swift; path = KeepItIn.swift; sourceTree = "<group>"; };
		815E722326472B10007DD2DD /* BoxPaddle.swift */ = {isa = PBXFileReference; lastKnownFileType = sourcecode.swift; path = BoxPaddle.swift; sourceTree = "<group>"; };
/* End PBXFileReference section */

/* Begin PBXFrameworksBuildPhase section */
		81578DD42628BFC700F1B9C8 /* Frameworks */ = {
			isa = PBXFrameworksBuildPhase;
			buildActionMask = 2147483647;
			files = (
			);
			runOnlyForDeploymentPostprocessing = 0;
		};
/* End PBXFrameworksBuildPhase section */

/* Begin PBXGroup section */
		8143BE81262A2C91008CF8A1 /* KeepFalling */ = {
			isa = PBXGroup;
			children = (
				8143BE82262A2CF6008CF8A1 /* KeepFalling.swift */,
				8143BE85262A2D62008CF8A1 /* FallingBall.swift */,
			);
			path = KeepFalling;
			sourceTree = "<group>";
		};
		814834DA264869D600AE9D54 /* ShieldCenter */ = {
			isa = PBXGroup;
			children = (
				814834DB264869F000AE9D54 /* ShieldCenter.swift */,
				814834E026486A0900AE9D54 /* Shield.swift */,
			);
			path = ShieldCenter;
			sourceTree = "<group>";
		};
		814834E4264886A800AE9D54 /* MatchArrows */ = {
			isa = PBXGroup;
			children = (
				814834E52648877300AE9D54 /* MatchArrows.swift */,
				814834E82648878500AE9D54 /* PlayerArrow.swift */,
			);
			name = MatchArrows;
			sourceTree = "<group>";
		};
		814834EB2648B32300AE9D54 /* ShootBoxes */ = {
			isa = PBXGroup;
			children = (
				814834EC2648B33F00AE9D54 /* ShootBoxes.swift */,
				814834F22648B39100AE9D54 /* PlayerBoxShooter.swift */,
			);
			path = ShootBoxes;
			sourceTree = "<group>";
		};
		81578DCE2628BFC700F1B9C8 = {
			isa = PBXGroup;
			children = (
				81578DD92628BFC700F1B9C8 /* Grid16 */,
				81578DD82628BFC700F1B9C8 /* Products */,
			);
			sourceTree = "<group>";
		};
		81578DD82628BFC700F1B9C8 /* Products */ = {
			isa = PBXGroup;
			children = (
				81578DD72628BFC700F1B9C8 /* Grid16.app */,
			);
			name = Products;
			sourceTree = "<group>";
		};
		81578DD92628BFC700F1B9C8 /* Grid16 */ = {
			isa = PBXGroup;
			children = (
				815B6D8C264B374700C2DCA0 /* Controllers */,
				815B6D8B264B372E00C2DCA0 /* MiniGames */,
				815B6D74264B119E00C2DCA0 /* DispayScenes */,
				81578DDE2628BFC800F1B9C8 /* Assets.xcassets */,
				81578DE32628BFC800F1B9C8 /* Info.plist */,
				81578DE02628BFC800F1B9C8 /* Preview Content */,
			);
			path = Grid16;
			sourceTree = "<group>";
		};
		81578DE02628BFC800F1B9C8 /* Preview Content */ = {
			isa = PBXGroup;
			children = (
				81578DE12628BFC800F1B9C8 /* Preview Assets.xcassets */,
			);
			path = "Preview Content";
			sourceTree = "<group>";
		};
		81578DF72629653E00F1B9C8 /* KeepJumping */ = {
			isa = PBXGroup;
			children = (
				81578DEE2628C2C500F1B9C8 /* KeepJumping.swift */,
				81578DF12628C30400F1B9C8 /* JumpingStick.swift */,
			);
			name = KeepJumping;
			sourceTree = "<group>";
		};
		81578DFD262965C100F1B9C8 /* HitTheBall */ = {
			isa = PBXGroup;
			children = (
				81578DF8262965BA00F1B9C8 /* HitTheBall.swift */,
				81578DFF262968DC00F1B9C8 /* PongPaddle.swift */,
			);
			name = HitTheBall;
			sourceTree = "<group>";
		};
		815B6D74264B119E00C2DCA0 /* DispayScenes */ = {
			isa = PBXGroup;
			children = (
				81578DDC2628BFC700F1B9C8 /* ContentView.swift */,
				815B6D71264B118D00C2DCA0 /* IntermediaryScene.swift */,
				815B6D75264B11D600C2DCA0 /* Score.swift */,
				815B6D7C264B123300C2DCA0 /* MinigameInfo.swift */,
			);
			name = DispayScenes;
			sourceTree = "<group>";
		};
		815B6D83264B357B00C2DCA0 /* ShootLines */ = {
			isa = PBXGroup;
			children = (
				815B6D85264B35FE00C2DCA0 /* ShootLines.swift */,
				815B6D88264B364100C2DCA0 /* LineShooter.swift */,
			);
			path = ShootLines;
			sourceTree = "<group>";
		};
		815B6D8B264B372E00C2DCA0 /* MiniGames */ = {
			isa = PBXGroup;
			children = (
				81578DF72629653E00F1B9C8 /* KeepJumping */,
				815B6D83264B357B00C2DCA0 /* ShootLines */,
				814834EB2648B32300AE9D54 /* ShootBoxes */,
				815D081226389DE10066C94A /* RedBallBad */,
				815D0821263910B90066C94A /* AvoidGreen */,
				814834E4264886A800AE9D54 /* MatchArrows */,
				814834DA264869D600AE9D54 /* ShieldCenter */,
				8143BE81262A2C91008CF8A1 /* KeepFalling */,
				81578DFD262965C100F1B9C8 /* HitTheBall */,
				815E721F26472A23007DD2DD /* KeepItIn */,
			);
			name = MiniGames;
			sourceTree = "<group>";
		};
		815B6D8C264B374700C2DCA0 /* Controllers */ = {
			isa = PBXGroup;
			children = (
				81467B6A262BEEFF004E376B /* GameManager.swift */,
				81467B6D262C01EA004E376B /* GameBase.swift */,
				81578DF42628C4CD00F1B9C8 /* GameView.swift */,
				81578DDA2628BFC700F1B9C8 /* Grid16App.swift */,
			);
			path = Controllers;
			sourceTree = "<group>";
		};
		815D081226389DE10066C94A /* RedBallBad */ = {
			isa = PBXGroup;
			children = (
				815D081726389EE10066C94A /* RedBallBad.swift */,
				815D081B2638A2190066C94A /* SpinningArm.swift */,
				815D081E2638A5280066C94A /* ArmBall.swift */,
			);
			name = RedBallBad;
			sourceTree = "<group>";
		};
		815D0821263910B90066C94A /* AvoidGreen */ = {
			isa = PBXGroup;
			children = (
				815D0822263910D70066C94A /* AvoidGreen.swift */,
				815D08262639110F0066C94A /* PlayerBall.swift */,
			);
			path = AvoidGreen;
			sourceTree = "<group>";
		};
		815E721F26472A23007DD2DD /* KeepItIn */ = {
			isa = PBXGroup;
			children = (
				815E722026472B00007DD2DD /* KeepItIn.swift */,
				815E722326472B10007DD2DD /* BoxPaddle.swift */,
			);
			name = KeepItIn;
			sourceTree = "<group>";
		};
/* End PBXGroup section */

/* Begin PBXNativeTarget section */
		81578DD62628BFC700F1B9C8 /* Grid16 */ = {
			isa = PBXNativeTarget;
			buildConfigurationList = 81578DE62628BFC800F1B9C8 /* Build configuration list for PBXNativeTarget "Grid16" */;
			buildPhases = (
				81578DD32628BFC700F1B9C8 /* Sources */,
				81578DD42628BFC700F1B9C8 /* Frameworks */,
				81578DD52628BFC700F1B9C8 /* Resources */,
			);
			buildRules = (
			);
			dependencies = (
			);
			name = Grid16;
			productName = Grid16;
			productReference = 81578DD72628BFC700F1B9C8 /* Grid16.app */;
			productType = "com.apple.product-type.application";
		};
/* End PBXNativeTarget section */

/* Begin PBXProject section */
		81578DCF2628BFC700F1B9C8 /* Project object */ = {
			isa = PBXProject;
			attributes = {
				LastSwiftUpdateCheck = 1240;
				LastUpgradeCheck = 1240;
				TargetAttributes = {
					81578DD62628BFC700F1B9C8 = {
						CreatedOnToolsVersion = 12.4;
					};
				};
			};
			buildConfigurationList = 81578DD22628BFC700F1B9C8 /* Build configuration list for PBXProject "Grid16" */;
			compatibilityVersion = "Xcode 9.3";
			developmentRegion = en;
			hasScannedForEncodings = 0;
			knownRegions = (
				en,
				Base,
			);
			mainGroup = 81578DCE2628BFC700F1B9C8;
			productRefGroup = 81578DD82628BFC700F1B9C8 /* Products */;
			projectDirPath = "";
			projectRoot = "";
			targets = (
				81578DD62628BFC700F1B9C8 /* Grid16 */,
			);
		};
/* End PBXProject section */

/* Begin PBXResourcesBuildPhase section */
		81578DD52628BFC700F1B9C8 /* Resources */ = {
			isa = PBXResourcesBuildPhase;
			buildActionMask = 2147483647;
			files = (
				81578DE22628BFC800F1B9C8 /* Preview Assets.xcassets in Resources */,
				81578DDF2628BFC800F1B9C8 /* Assets.xcassets in Resources */,
			);
			runOnlyForDeploymentPostprocessing = 0;
		};
/* End PBXResourcesBuildPhase section */

/* Begin PBXSourcesBuildPhase section */
		81578DD32628BFC700F1B9C8 /* Sources */ = {
			isa = PBXSourcesBuildPhase;
			buildActionMask = 2147483647;
			files = (
				815D081C2638A2190066C94A /* SpinningArm.swift in Sources */,
				81578DDD2628BFC700F1B9C8 /* ContentView.swift in Sources */,
				815E722126472B00007DD2DD /* KeepItIn.swift in Sources */,
				814834DC264869F000AE9D54 /* ShieldCenter.swift in Sources */,
				81578DF22628C30400F1B9C8 /* JumpingStick.swift in Sources */,
				81467B6E262C01EA004E376B /* GameBase.swift in Sources */,
				815B6D89264B364100C2DCA0 /* LineShooter.swift in Sources */,
				81467B6B262BEEFF004E376B /* GameManager.swift in Sources */,
				81578E00262968DC00F1B9C8 /* PongPaddle.swift in Sources */,
				815D081F2638A5280066C94A /* ArmBall.swift in Sources */,
				815D08272639110F0066C94A /* PlayerBall.swift in Sources */,
				815D081826389EE10066C94A /* RedBallBad.swift in Sources */,
				81578DF9262965BA00F1B9C8 /* HitTheBall.swift in Sources */,
				815B6D76264B11D600C2DCA0 /* Score.swift in Sources */,
				814834E62648877300AE9D54 /* MatchArrows.swift in Sources */,
				81578DDB2628BFC700F1B9C8 /* Grid16App.swift in Sources */,
				815B6D86264B35FE00C2DCA0 /* ShootLines.swift in Sources */,
				81578DEF2628C2C500F1B9C8 /* KeepJumping.swift in Sources */,
				815E722426472B10007DD2DD /* BoxPaddle.swift in Sources */,
				814834ED2648B33F00AE9D54 /* ShootBoxes.swift in Sources */,
				8143BE86262A2D62008CF8A1 /* FallingBall.swift in Sources */,
				8143BE83262A2CF6008CF8A1 /* KeepFalling.swift in Sources */,
				81578DF52628C4CD00F1B9C8 /* GameView.swift in Sources */,
				815B6D7D264B123300C2DCA0 /* MinigameInfo.swift in Sources */,
				814834E126486A0900AE9D54 /* Shield.swift in Sources */,
				815B6D72264B118D00C2DCA0 /* IntermediaryScene.swift in Sources */,
				814834F32648B39100AE9D54 /* PlayerBoxShooter.swift in Sources */,
				815D0823263910D70066C94A /* AvoidGreen.swift in Sources */,
				814834E92648878500AE9D54 /* PlayerArrow.swift in Sources */,
			);
			runOnlyForDeploymentPostprocessing = 0;
		};
/* End PBXSourcesBuildPhase section */

/* Begin XCBuildConfiguration section */
		81578DE42628BFC800F1B9C8 /* Debug */ = {
			isa = XCBuildConfiguration;
			buildSettings = {
				ALWAYS_SEARCH_USER_PATHS = NO;
				CLANG_ANALYZER_NONNULL = YES;
				CLANG_ANALYZER_NUMBER_OBJECT_CONVERSION = YES_AGGRESSIVE;
				CLANG_CXX_LANGUAGE_STANDARD = "gnu++14";
				CLANG_CXX_LIBRARY = "libc++";
				CLANG_ENABLE_MODULES = YES;
				CLANG_ENABLE_OBJC_ARC = YES;
				CLANG_ENABLE_OBJC_WEAK = YES;
				CLANG_WARN_BLOCK_CAPTURE_AUTORELEASING = YES;
				CLANG_WARN_BOOL_CONVERSION = YES;
				CLANG_WARN_COMMA = YES;
				CLANG_WARN_CONSTANT_CONVERSION = YES;
				CLANG_WARN_DEPRECATED_OBJC_IMPLEMENTATIONS = YES;
				CLANG_WARN_DIRECT_OBJC_ISA_USAGE = YES_ERROR;
				CLANG_WARN_DOCUMENTATION_COMMENTS = YES;
				CLANG_WARN_EMPTY_BODY = YES;
				CLANG_WARN_ENUM_CONVERSION = YES;
				CLANG_WARN_INFINITE_RECURSION = YES;
				CLANG_WARN_INT_CONVERSION = YES;
				CLANG_WARN_NON_LITERAL_NULL_CONVERSION = YES;
				CLANG_WARN_OBJC_IMPLICIT_RETAIN_SELF = YES;
				CLANG_WARN_OBJC_LITERAL_CONVERSION = YES;
				CLANG_WARN_OBJC_ROOT_CLASS = YES_ERROR;
				CLANG_WARN_QUOTED_INCLUDE_IN_FRAMEWORK_HEADER = YES;
				CLANG_WARN_RANGE_LOOP_ANALYSIS = YES;
				CLANG_WARN_STRICT_PROTOTYPES = YES;
				CLANG_WARN_SUSPICIOUS_MOVE = YES;
				CLANG_WARN_UNGUARDED_AVAILABILITY = YES_AGGRESSIVE;
				CLANG_WARN_UNREACHABLE_CODE = YES;
				CLANG_WARN__DUPLICATE_METHOD_MATCH = YES;
				COPY_PHASE_STRIP = NO;
				DEBUG_INFORMATION_FORMAT = dwarf;
				ENABLE_STRICT_OBJC_MSGSEND = YES;
				ENABLE_TESTABILITY = YES;
				GCC_C_LANGUAGE_STANDARD = gnu11;
				GCC_DYNAMIC_NO_PIC = NO;
				GCC_NO_COMMON_BLOCKS = YES;
				GCC_OPTIMIZATION_LEVEL = 0;
				GCC_PREPROCESSOR_DEFINITIONS = (
					"DEBUG=1",
					"$(inherited)",
				);
				GCC_WARN_64_TO_32_BIT_CONVERSION = YES;
				GCC_WARN_ABOUT_RETURN_TYPE = YES_ERROR;
				GCC_WARN_UNDECLARED_SELECTOR = YES;
				GCC_WARN_UNINITIALIZED_AUTOS = YES_AGGRESSIVE;
				GCC_WARN_UNUSED_FUNCTION = YES;
				GCC_WARN_UNUSED_VARIABLE = YES;
				IPHONEOS_DEPLOYMENT_TARGET = 14.4;
				MTL_ENABLE_DEBUG_INFO = INCLUDE_SOURCE;
				MTL_FAST_MATH = YES;
				ONLY_ACTIVE_ARCH = YES;
				SDKROOT = iphoneos;
				SWIFT_ACTIVE_COMPILATION_CONDITIONS = DEBUG;
				SWIFT_OPTIMIZATION_LEVEL = "-Onone";
			};
			name = Debug;
		};
		81578DE52628BFC800F1B9C8 /* Release */ = {
			isa = XCBuildConfiguration;
			buildSettings = {
				ALWAYS_SEARCH_USER_PATHS = NO;
				CLANG_ANALYZER_NONNULL = YES;
				CLANG_ANALYZER_NUMBER_OBJECT_CONVERSION = YES_AGGRESSIVE;
				CLANG_CXX_LANGUAGE_STANDARD = "gnu++14";
				CLANG_CXX_LIBRARY = "libc++";
				CLANG_ENABLE_MODULES = YES;
				CLANG_ENABLE_OBJC_ARC = YES;
				CLANG_ENABLE_OBJC_WEAK = YES;
				CLANG_WARN_BLOCK_CAPTURE_AUTORELEASING = YES;
				CLANG_WARN_BOOL_CONVERSION = YES;
				CLANG_WARN_COMMA = YES;
				CLANG_WARN_CONSTANT_CONVERSION = YES;
				CLANG_WARN_DEPRECATED_OBJC_IMPLEMENTATIONS = YES;
				CLANG_WARN_DIRECT_OBJC_ISA_USAGE = YES_ERROR;
				CLANG_WARN_DOCUMENTATION_COMMENTS = YES;
				CLANG_WARN_EMPTY_BODY = YES;
				CLANG_WARN_ENUM_CONVERSION = YES;
				CLANG_WARN_INFINITE_RECURSION = YES;
				CLANG_WARN_INT_CONVERSION = YES;
				CLANG_WARN_NON_LITERAL_NULL_CONVERSION = YES;
				CLANG_WARN_OBJC_IMPLICIT_RETAIN_SELF = YES;
				CLANG_WARN_OBJC_LITERAL_CONVERSION = YES;
				CLANG_WARN_OBJC_ROOT_CLASS = YES_ERROR;
				CLANG_WARN_QUOTED_INCLUDE_IN_FRAMEWORK_HEADER = YES;
				CLANG_WARN_RANGE_LOOP_ANALYSIS = YES;
				CLANG_WARN_STRICT_PROTOTYPES = YES;
				CLANG_WARN_SUSPICIOUS_MOVE = YES;
				CLANG_WARN_UNGUARDED_AVAILABILITY = YES_AGGRESSIVE;
				CLANG_WARN_UNREACHABLE_CODE = YES;
				CLANG_WARN__DUPLICATE_METHOD_MATCH = YES;
				COPY_PHASE_STRIP = NO;
				DEBUG_INFORMATION_FORMAT = "dwarf-with-dsym";
				ENABLE_NS_ASSERTIONS = NO;
				ENABLE_STRICT_OBJC_MSGSEND = YES;
				GCC_C_LANGUAGE_STANDARD = gnu11;
				GCC_NO_COMMON_BLOCKS = YES;
				GCC_WARN_64_TO_32_BIT_CONVERSION = YES;
				GCC_WARN_ABOUT_RETURN_TYPE = YES_ERROR;
				GCC_WARN_UNDECLARED_SELECTOR = YES;
				GCC_WARN_UNINITIALIZED_AUTOS = YES_AGGRESSIVE;
				GCC_WARN_UNUSED_FUNCTION = YES;
				GCC_WARN_UNUSED_VARIABLE = YES;
				IPHONEOS_DEPLOYMENT_TARGET = 14.4;
				MTL_ENABLE_DEBUG_INFO = NO;
				MTL_FAST_MATH = YES;
				SDKROOT = iphoneos;
				SWIFT_COMPILATION_MODE = wholemodule;
				SWIFT_OPTIMIZATION_LEVEL = "-O";
				VALIDATE_PRODUCT = YES;
			};
			name = Release;
		};
		81578DE72628BFC800F1B9C8 /* Debug */ = {
			isa = XCBuildConfiguration;
			buildSettings = {
				ASSETCATALOG_COMPILER_APPICON_NAME = AppIcon;
				ASSETCATALOG_COMPILER_GLOBAL_ACCENT_COLOR_NAME = AccentColor;
				CODE_SIGN_STYLE = Automatic;
				DEVELOPMENT_ASSET_PATHS = "\"Grid16/Preview Content\"";
				DEVELOPMENT_TEAM = TY4X6T9VPB;
				ENABLE_PREVIEWS = YES;
				INFOPLIST_FILE = Grid16/Info.plist;
				IPHONEOS_DEPLOYMENT_TARGET = 14.0;
				LD_RUNPATH_SEARCH_PATHS = (
					"$(inherited)",
					"@executable_path/Frameworks",
				);
				PRODUCT_BUNDLE_IDENTIFIER = edu.elon.cs.Zack.Grid16;
				PRODUCT_NAME = "$(TARGET_NAME)";
				SWIFT_VERSION = 5.0;
				TARGETED_DEVICE_FAMILY = "1,2";
			};
			name = Debug;
		};
		81578DE82628BFC800F1B9C8 /* Release */ = {
			isa = XCBuildConfiguration;
			buildSettings = {
				ASSETCATALOG_COMPILER_APPICON_NAME = AppIcon;
				ASSETCATALOG_COMPILER_GLOBAL_ACCENT_COLOR_NAME = AccentColor;
				CODE_SIGN_STYLE = Automatic;
				DEVELOPMENT_ASSET_PATHS = "\"Grid16/Preview Content\"";
				DEVELOPMENT_TEAM = TY4X6T9VPB;
				ENABLE_PREVIEWS = YES;
				INFOPLIST_FILE = Grid16/Info.plist;
				IPHONEOS_DEPLOYMENT_TARGET = 14.0;
				LD_RUNPATH_SEARCH_PATHS = (
					"$(inherited)",
					"@executable_path/Frameworks",
				);
				PRODUCT_BUNDLE_IDENTIFIER = edu.elon.cs.Zack.Grid16;
				PRODUCT_NAME = "$(TARGET_NAME)";
				SWIFT_VERSION = 5.0;
				TARGETED_DEVICE_FAMILY = "1,2";
			};
			name = Release;
		};
/* End XCBuildConfiguration section */

/* Begin XCConfigurationList section */
		81578DD22628BFC700F1B9C8 /* Build configuration list for PBXProject "Grid16" */ = {
			isa = XCConfigurationList;
			buildConfigurations = (
				81578DE42628BFC800F1B9C8 /* Debug */,
				81578DE52628BFC800F1B9C8 /* Release */,
			);
			defaultConfigurationIsVisible = 0;
			defaultConfigurationName = Release;
		};
		81578DE62628BFC800F1B9C8 /* Build configuration list for PBXNativeTarget "Grid16" */ = {
			isa = XCConfigurationList;
			buildConfigurations = (
				81578DE72628BFC800F1B9C8 /* Debug */,
				81578DE82628BFC800F1B9C8 /* Release */,
			);
			defaultConfigurationIsVisible = 0;
			defaultConfigurationName = Release;
		};
/* End XCConfigurationList section */
	};
	rootObject = 81578DCF2628BFC700F1B9C8 /* Project object */;
}
